PODS:
  - FBSnapshotTestCase (2.1.4):
    - FBSnapshotTestCase/SwiftSupport (= 2.1.4)
  - FBSnapshotTestCase/Core (2.1.4)
  - FBSnapshotTestCase/SwiftSupport (2.1.4):
    - FBSnapshotTestCase/Core
  - FluxxKit (1.0.0)
  - Nimble (7.0.0)
  - Nimble-Snapshots (4.4.0):
    - Nimble-Snapshots/Core (= 4.4.0)
  - Nimble-Snapshots/Core (4.4.0):
    - FBSnapshotTestCase (~> 2.0)
    - Nimble
    - Quick
  - Quick (1.1.0)
  - R.swift (3.2.0):
    - R.swift.Library (~> 3.0.2)
  - R.swift.Library (3.0.2)
  - RxCocoa (3.4.1):
    - RxSwift (~> 3.4)
  - RxSwift (3.4.1)
  - SwiftLint (0.18.1)

DEPENDENCIES:
  - FBSnapshotTestCase
  - FluxxKit (from `https://github.com/keitaoouchi/FluxxKit.git`)
  - Nimble
  - Nimble-Snapshots
  - Quick
  - R.swift
  - RxCocoa
  - RxSwift
  - SwiftLint (~> 0.17)

EXTERNAL SOURCES:
  FluxxKit:
    :git: https://github.com/keitaoouchi/FluxxKit.git

CHECKOUT OPTIONS:
  FluxxKit:
    :commit: 2be4a78c37d52054ebf1a0f65c201d205f6e5418
    :git: https://github.com/keitaoouchi/FluxxKit.git

SPEC CHECKSUMS:
  FBSnapshotTestCase: '094f9f314decbabe373b87cc339bea235a63e07a'
  FluxxKit: 1a3ceb985617bbc96866a4ba31c4634e8f809614
  Nimble: 874982b605d4d752fcac6be695d13c502de84b1b
  Nimble-Snapshots: e743439f26c2fa99d8f7e0d7c01c99bcb40aa6f2
  Quick: dafc587e21eed9f4cab3249b9f9015b0b7a7f71d
  R.swift: 207a372a2b5977caef440c696a368009460641d1
  R.swift.Library: fbdec16c9802ad104fc1ba53415dc190e6ec5c73
  RxCocoa: a8a5f1d061d0043e28f56976829f31ce63e8eb09
  RxSwift: 656f8fbeca5bc372121a72d9ebdd3cd3bc0ffade
  SwiftLint: b467d08f5b25dc3b3cfed243d8e1b74b91714c67

PODFILE CHECKSUM: b301230269234acb77fe6493465581eef4fd0ddc

COCOAPODS: 1.2.1
