PODS:
  - FBSnapshotTestCase (2.1.4):
    - FBSnapshotTestCase/SwiftSupport (= 2.1.4)
  - FBSnapshotTestCase/Core (2.1.4)
  - FBSnapshotTestCase/SwiftSupport (2.1.4):
    - FBSnapshotTestCase/Core
  - FluxxKit (1.0.2)
  - KeychainAccess (3.0.2)
  - R.swift (3.3.0):
    - R.swift.Library (~> 3.0.2)
  - R.swift.Library (3.0.2)
  - RxAudioVisual (1.0.1):
    - RxCocoa (~> 3.4)
    - RxSwift (~> 3.4)
  - RxCocoa (3.5.0):
    - RxSwift (~> 3.4)
  - RxSwift (3.5.0)
  - SwiftLint (0.19.0)

DEPENDENCIES:
  - FBSnapshotTestCase
  - FluxxKit (~> 1.0.2)
  - KeychainAccess
  - R.swift
  - RxAudioVisual
  - RxCocoa
  - RxSwift
  - SwiftLint (~> 0.17)

SPEC CHECKSUMS:
  FBSnapshotTestCase: '094f9f314decbabe373b87cc339bea235a63e07a'
  FluxxKit: 18abbe52fe96410d90dcf97da2e9f062ef81eee4
  KeychainAccess: a986406022dfc7c634c691ad3bec670cc6a32002
  R.swift: bde9704d50ff36820f49e266bc88ef545e1e9b36
  R.swift.Library: fbdec16c9802ad104fc1ba53415dc190e6ec5c73
  RxAudioVisual: c2ab678461a07172890d1e8a20334ec8e62ea8a4
  RxCocoa: a0a09f45d0e5b48ecb6a4a7b4b4c89c88d3f633f
  RxSwift: 18ee9d78b45edb3b0b7e79916b47a116e6dbc842
  SwiftLint: 3537a05b34060e78e7510f04fb7537d738247803

PODFILE CHECKSUM: 905b9f9eae366e964a4cc7acc79c973774a88675

COCOAPODS: 1.2.1
